<?xml version="1.0" encoding="utf-8"?>
<Project ToolsVersion="4.0" xmlns="http://schemas.microsoft.com/developer/msbuild/2003">
  <ItemGroup>
    <Filter Include="Source Files">
      <UniqueIdentifier>{4FC737F1-C7A5-4376-A066-2A32D752A2FF}</UniqueIdentifier>
      <Extensions>cpp;c;cc;cxx;c++;cppm;ixx;def;odl;idl;hpj;bat;asm;asmx</Extensions>
    </Filter>
    <Filter Include="Header Files">
      <UniqueIdentifier>{93995380-89BD-4b04-88EB-625FBE52EBFB}</UniqueIdentifier>
      <Extensions>h;hh;hpp;hxx;h++;hm;inl;inc;ipp;xsd</Extensions>
    </Filter>
    <Filter Include="Resource Files">
      <UniqueIdentifier>{67DA6AB6-F800-4c08-8B7A-83BB121AAD01}</UniqueIdentifier>
      <Extensions>rc;ico;cur;bmp;dlg;rc2;rct;bin;rgs;gif;jpg;jpeg;jpe;resx;tiff;tif;png;wav;mfcribbon-ms</Extensions>
    </Filter>
  </ItemGroup>
  <ItemGroup>
    <ClCompile Include="Main.cpp">
      <Filter>Source Files</Filter>
    </ClCompile>
    <ClCompile Include="nikoSSU.cpp">
      <Filter>Source Files</Filter>
    </ClCompile>
    <ClCompile Include="nikoSound.cpp">
      <Filter>Source Files</Filter>
    </ClCompile>
    <ClCompile Include="nikoCollison.cpp">
      <Filter>Source Files</Filter>
    </ClCompile>
    <ClCompile Include="nikoNetwork.cpp">
      <Filter>Source Files</Filter>
    </ClCompile>
    <ClCompile Include="nikoText.cpp">
      <Filter>Source Files</Filter>
    </ClCompile>
    <ClCompile Include="nikoMath.cpp">
      <Filter>Source Files</Filter>
    </ClCompile>
    <ClCompile Include="nikoTileMap.cpp">
      <Filter>Source Files</Filter>
    </ClCompile>
    <ClCompile Include="nikoGamePad.cpp">
      <Filter>Source Files</Filter>
    </ClCompile>
    <ClCompile Include="nikoSystem.cpp">
      <Filter>Source Files</Filter>
    </ClCompile>
    <ClCompile Include="nikoCamera.cpp">
      <Filter>Source Files</Filter>
    </ClCompile>
    <ClCompile Include="include\pugi\pugixml.cpp">
      <Filter>Source Files</Filter>
    </ClCompile>
    <ClCompile Include="player.cpp">
      <Filter>Source Files</Filter>
    </ClCompile>
  </ItemGroup>
  <ItemGroup>
    <ClInclude Include="niko.h">
      <Filter>Header Files</Filter>
    </ClInclude>
    <ClInclude Include="nikoCollision.h">
      <Filter>Header Files</Filter>
    </ClInclude>
    <ClInclude Include="nikoMath.h">
      <Filter>Header Files</Filter>
    </ClInclude>
    <ClInclude Include="nikoNetwork.h">
      <Filter>Header Files</Filter>
    </ClInclude>
    <ClInclude Include="nikoSound.h">
      <Filter>Header Files</Filter>
    </ClInclude>
    <ClInclude Include="nikoSSU.h">
      <Filter>Header Files</Filter>
    </ClInclude>
    <ClInclude Include="nikoText.h">
      <Filter>Header Files</Filter>
    </ClInclude>
    <ClInclude Include="nikoTileMap.h">
      <Filter>Header Files</Filter>
    </ClInclude>
    <ClInclude Include="nikoGamePad.h">
      <Filter>Header Files</Filter>
    </ClInclude>
    <ClInclude Include="nikoSystem.h">
      <Filter>Header Files</Filter>
    </ClInclude>
    <ClInclude Include="nikoCamera.h">
      <Filter>Header Files</Filter>
    </ClInclude>
    <ClInclude Include="nikoDefine.h">
      <Filter>Header Files</Filter>
    </ClInclude>
    <ClInclude Include="player.h">
      <Filter>Header Files</Filter>
    </ClInclude>
  </ItemGroup>
</Project>